
Microsoft Visual Studio Solution File, Format Version 12.00
# Visual Studio Version 16
VisualStudioVersion = 16.0.31613.86
MinimumVisualStudioVersion = 10.0.40219.1
Project("{FAE04EC0-301F-11D3-BF4B-00C04F79EFBC}") = "Exercici3 i 4", "Exercicis_tema_2\Exercici3 i 4.csproj", "{B087E087-2ADF-408D-BE7D-4DC120AB99DE}"
EndProject
Global
	GlobalSection(SolutionConfigurationPlatforms) = preSolution
		Debug|Any CPU = Debug|Any CPU
		Release|Any CPU = Release|Any CPU
	EndGlobalSection
	GlobalSection(ProjectConfigurationPlatforms) = postSolution
		{B087E087-2ADF-408D-BE7D-4DC120AB99DE}.Debug|Any CPU.ActiveCfg = Debug|Any CPU
		{B087E087-2ADF-408D-BE7D-4DC120AB99DE}.Debug|Any CPU.Build.0 = Debug|Any CPU
		{B087E087-2ADF-408D-BE7D-4DC120AB99DE}.Release|Any CPU.ActiveCfg = Release|Any CPU
		{B087E087-2ADF-408D-BE7D-4DC120AB99DE}.Release|Any CPU.Build.0 = Release|Any CPU
	EndGlobalSection
	GlobalSection(SolutionProperties) = preSolution
		HideSolutionNode = FALSE
	EndGlobalSection
	GlobalSection(ExtensibilityGlobals) = postSolution
		SolutionGuid = {4833698C-F312-4D62-89C8-AC35E9EDC20B}
	EndGlobalSection
EndGlobal
